
Microsoft Visual Studio Solution File, Format Version 12.00
# Visual Studio Version 16
VisualStudioVersion = 16.0.30503.244
MinimumVisualStudioVersion = 10.0.40219.1
Project("{FAE04EC0-301F-11D3-BF4B-00C04F79EFBC}") = "FunctionApp1", "FunctionApp1\FunctionApp1.csproj", "{3500D7B4-BEAA-49C7-A473-138037BED404}"
EndProject
Global
	GlobalSection(SolutionConfigurationPlatforms) = preSolution
		Debug|Any CPU = Debug|Any CPU
		Release|Any CPU = Release|Any CPU
	EndGlobalSection
	GlobalSection(ProjectConfigurationPlatforms) = postSolution
		{3500D7B4-BEAA-49C7-A473-138037BED404}.Debug|Any CPU.ActiveCfg = Debug|Any CPU
		{3500D7B4-BEAA-49C7-A473-138037BED404}.Debug|Any CPU.Build.0 = Debug|Any CPU
		{3500D7B4-BEAA-49C7-A473-138037BED404}.Release|Any CPU.ActiveCfg = Release|Any CPU
		{3500D7B4-BEAA-49C7-A473-138037BED404}.Release|Any CPU.Build.0 = Release|Any CPU
	EndGlobalSection
	GlobalSection(SolutionProperties) = preSolution
		HideSolutionNode = FALSE
	EndGlobalSection
	GlobalSection(ExtensibilityGlobals) = postSolution
		SolutionGuid = {1242661F-42ED-4DB7-A138-146EDB492DB8}
	EndGlobalSection
EndGlobal
